// !$*UTF8*$!
{
	archiveVersion = 1;
	classes = {
	};
	objectVersion = 46;
	objects = {

/* Begin PBXBuildFile section */
		2D0C8F2E1D806EB900F4A4EB /* AppDelegate.swift in Sources */ = {isa = PBXBuildFile; fileRef = 2D0C8F2D1D806EB900F4A4EB /* AppDelegate.swift */; };
		2D0C8F301D806EB900F4A4EB /* ViewController.swift in Sources */ = {isa = PBXBuildFile; fileRef = 2D0C8F2F1D806EB900F4A4EB /* ViewController.swift */; };
		2D0C8F331D806EB900F4A4EB /* Main.storyboard in Resources */ = {isa = PBXBuildFile; fileRef = 2D0C8F311D806EB900F4A4EB /* Main.storyboard */; };
		2D0C8F351D806EB900F4A4EB /* Assets.xcassets in Resources */ = {isa = PBXBuildFile; fileRef = 2D0C8F341D806EB900F4A4EB /* Assets.xcassets */; };
		2D0C8F381D806EB900F4A4EB /* LaunchScreen.storyboard in Resources */ = {isa = PBXBuildFile; fileRef = 2D0C8F361D806EB900F4A4EB /* LaunchScreen.storyboard */; };
/* End PBXBuildFile section */

/* Begin PBXFileReference section */
		2D0C8F2A1D806EB900F4A4EB /* Saugofant.app */ = {isa = PBXFileReference; explicitFileType = wrapper.application; includeInIndex = 0; path = Saugofant.app; sourceTree = BUILT_PRODUCTS_DIR; };
		2D0C8F2D1D806EB900F4A4EB /* AppDelegate.swift */ = {isa = PBXFileReference; lastKnownFileType = sourcecode.swift; path = AppDelegate.swift; sourceTree = "<group>"; };
		2D0C8F2F1D806EB900F4A4EB /* ViewController.swift */ = {isa = PBXFileReference; lastKnownFileType = sourcecode.swift; path = ViewController.swift; sourceTree = "<group>"; };
		2D0C8F321D806EB900F4A4EB /* Base */ = {isa = PBXFileReference; lastKnownFileType = file.storyboard; name = Base; path = Base.lproj/Main.storyboard; sourceTree = "<group>"; };
		2D0C8F341D806EB900F4A4EB /* Assets.xcassets */ = {isa = PBXFileReference; lastKnownFileType = folder.assetcatalog; path = Assets.xcassets; sourceTree = "<group>"; };
		2D0C8F371D806EB900F4A4EB /* Base */ = {isa = PBXFileReference; lastKnownFileType = file.storyboard; name = Base; path = Base.lproj/LaunchScreen.storyboard; sourceTree = "<group>"; };
		2D0C8F391D806EB900F4A4EB /* Info.plist */ = {isa = PBXFileReference; lastKnownFileType = text.plist.xml; path = Info.plist; sourceTree = "<group>"; };
/* End PBXFileReference section */

/* Begin PBXFrameworksBuildPhase section */
		2D0C8F271D806EB900F4A4EB /* Frameworks */ = {
			isa = PBXFrameworksBuildPhase;
			buildActionMask = 2147483647;
			files = (
			);
			runOnlyForDeploymentPostprocessing = 0;
		};
/* End PBXFrameworksBuildPhase section */

/* Begin PBXGroup section */
		2D0C8F211D806EB900F4A4EB = {
			isa = PBXGroup;
			children = (
				2D0C8F2C1D806EB900F4A4EB /* Saugofant */,
				2D0C8F2B1D806EB900F4A4EB /* Products */,
			);
			sourceTree = "<group>";
		};
		2D0C8F2B1D806EB900F4A4EB /* Products */ = {
			isa = PBXGroup;
			children = (
				2D0C8F2A1D806EB900F4A4EB /* Saugofant.app */,
			);
			name = Products;
			sourceTree = "<group>";
		};
		2D0C8F2C1D806EB900F4A4EB /* Saugofant */ = {
			isa = PBXGroup;
			children = (
				2D0C8F2D1D806EB900F4A4EB /* AppDelegate.swift */,
				2D0C8F2F1D806EB900F4A4EB /* ViewController.swift */,
				2D0C8F311D806EB900F4A4EB /* Main.storyboard */,
				2D0C8F341D806EB900F4A4EB /* Assets.xcassets */,
				2D0C8F361D806EB900F4A4EB /* LaunchScreen.storyboard */,
				2D0C8F391D806EB900F4A4EB /* Info.plist */,
			);
			path = Saugofant;
			sourceTree = "<group>";
		};
/* End PBXGroup section */

/* Begin PBXNativeTarget section */
		2D0C8F291D806EB900F4A4EB /* Saugofant */ = {
			isa = PBXNativeTarget;
			buildConfigurationList = 2D0C8F3C1D806EB900F4A4EB /* Build configuration list for PBXNativeTarget "Saugofant" */;
			buildPhases = (
				2D0C8F261D806EB900F4A4EB /* Sources */,
				2D0C8F271D806EB900F4A4EB /* Frameworks */,
				2D0C8F281D806EB900F4A4EB /* Resources */,
			);
			buildRules = (
			);
			dependencies = (
			);
			name = Saugofant;
			productName = Saugofant;
			productReference = 2D0C8F2A1D806EB900F4A4EB /* Saugofant.app */;
			productType = "com.apple.product-type.application";
		};
/* End PBXNativeTarget section */

/* Begin PBXProject section */
		2D0C8F221D806EB900F4A4EB /* Project object */ = {
			isa = PBXProject;
			attributes = {
				LastSwiftUpdateCheck = 0730;
				LastUpgradeCheck = 0730;
				ORGANIZATIONNAME = "David Amend";
				TargetAttributes = {
					2D0C8F291D806EB900F4A4EB = {
						CreatedOnToolsVersion = 7.3.1;
						DevelopmentTeam = CZW338PWDH;
					};
				};
			};
			buildConfigurationList = 2D0C8F251D806EB900F4A4EB /* Build configuration list for PBXProject "Saugofant" */;
			compatibilityVersion = "Xcode 3.2";
			developmentRegion = English;
			hasScannedForEncodings = 0;
			knownRegions = (
				en,
				Base,
			);
			mainGroup = 2D0C8F211D806EB900F4A4EB;
			productRefGroup = 2D0C8F2B1D806EB900F4A4EB /* Products */;
			projectDirPath = "";
			projectRoot = "";
			targets = (
				2D0C8F291D806EB900F4A4EB /* Saugofant */,
			);
		};
/* End PBXProject section */

/* Begin PBXResourcesBuildPhase section */
		2D0C8F281D806EB900F4A4EB /* Resources */ = {
			isa = PBXResourcesBuildPhase;
			buildActionMask = 2147483647;
			files = (
				2D0C8F381D806EB900F4A4EB /* LaunchScreen.storyboard in Resources */,
				2D0C8F351D806EB900F4A4EB /* Assets.xcassets in Resources */,
				2D0C8F331D806EB900F4A4EB /* Main.storyboard in Resources */,
			);
			runOnlyForDeploymentPostprocessing = 0;
		};
/* End PBXResourcesBuildPhase section */

/* Begin PBXSourcesBuildPhase section */
		2D0C8F261D806EB900F4A4EB /* Sources */ = {
			isa = PBXSourcesBuildPhase;
			buildActionMask = 2147483647;
			files = (
				2D0C8F301D806EB900F4A4EB /* ViewController.swift in Sources */,
				2D0C8F2E1D806EB900F4A4EB /* AppDelegate.swift in Sources */,
			);
			runOnlyForDeploymentPostprocessing = 0;
		};
/* End PBXSourcesBuildPhase section */

/* Begin PBXVariantGroup section */
		2D0C8F311D806EB900F4A4EB /* Main.storyboard */ = {
			isa = PBXVariantGroup;
			children = (
				2D0C8F321D806EB900F4A4EB /* Base */,
			);
			name = Main.storyboard;
			sourceTree = "<group>";
		};
		2D0C8F361D806EB900F4A4EB /* LaunchScreen.storyboard */ = {
			isa = PBXVariantGroup;
			children = (
				2D0C8F371D806EB900F4A4EB /* Base */,
			);
			name = LaunchScreen.storyboard;
			sourceTree = "<group>";
		};
/* End PBXVariantGroup section */

/* Begin XCBuildConfiguration section */
		2D0C8F3A1D806EB900F4A4EB /* Debug */ = {
			isa = XCBuildConfiguration;
			buildSettings = {
				ALWAYS_SEARCH_USER_PATHS = NO;
				CLANG_ANALYZER_NONNULL = YES;
				CLANG_CXX_LANGUAGE_STANDARD = "gnu++0x";
				CLANG_CXX_LIBRARY = "libc++";
				CLANG_ENABLE_MODULES = YES;
				CLANG_ENABLE_OBJC_ARC = YES;
				CLANG_WARN_BOOL_CONVERSION = YES;
				CLANG_WARN_CONSTANT_CONVERSION = YES;
				CLANG_WARN_DIRECT_OBJC_ISA_USAGE = YES_ERROR;
				CLANG_WARN_EMPTY_BODY = YES;
				CLANG_WARN_ENUM_CONVERSION = YES;
				CLANG_WARN_INT_CONVERSION = YES;
				CLANG_WARN_OBJC_ROOT_CLASS = YES_ERROR;
				CLANG_WARN_UNREACHABLE_CODE = YES;
				CLANG_WARN__DUPLICATE_METHOD_MATCH = YES;
				"CODE_SIGN_IDENTITY[sdk=iphoneos*]" = "iPhone Developer";
				COPY_PHASE_STRIP = NO;
				DEBUG_INFORMATION_FORMAT = dwarf;
				ENABLE_STRICT_OBJC_MSGSEND = YES;
				ENABLE_TESTABILITY = YES;
				GCC_C_LANGUAGE_STANDARD = gnu99;
				GCC_DYNAMIC_NO_PIC = NO;
				GCC_NO_COMMON_BLOCKS = YES;
				GCC_OPTIMIZATION_LEVEL = 0;
				GCC_PREPROCESSOR_DEFINITIONS = (
					"DEBUG=1",
					"$(inherited)",
				);
				GCC_WARN_64_TO_32_BIT_CONVERSION = YES;
				GCC_WARN_ABOUT_RETURN_TYPE = YES_ERROR;
				GCC_WARN_UNDECLARED_SELECTOR = YES;
				GCC_WARN_UNINITIALIZED_AUTOS = YES_AGGRESSIVE;
				GCC_WARN_UNUSED_FUNCTION = YES;
				GCC_WARN_UNUSED_VARIABLE = YES;
				IPHONEOS_DEPLOYMENT_TARGET = 9.3;
				MTL_ENABLE_DEBUG_INFO = YES;
				ONLY_ACTIVE_ARCH = YES;
				SDKROOT = iphoneos;
				SWIFT_OPTIMIZATION_LEVEL = "-Onone";
				TARGETED_DEVICE_FAMILY = 2;
			};
			name = Debug;
		};
		2D0C8F3B1D806EB900F4A4EB /* Release */ = {
			isa = XCBuildConfiguration;
			buildSettings = {
				ALWAYS_SEARCH_USER_PATHS = NO;
				CLANG_ANALYZER_NONNULL = YES;
				CLANG_CXX_LANGUAGE_STANDARD = "gnu++0x";
				CLANG_CXX_LIBRARY = "libc++";
				CLANG_ENABLE_MODULES = YES;
				CLANG_ENABLE_OBJC_ARC = YES;
				CLANG_WARN_BOOL_CONVERSION = YES;
				CLANG_WARN_CONSTANT_CONVERSION = YES;
				CLANG_WARN_DIRECT_OBJC_ISA_USAGE = YES_ERROR;
				CLANG_WARN_EMPTY_BODY = YES;
				CLANG_WARN_ENUM_CONVERSION = YES;
				CLANG_WARN_INT_CONVERSION = YES;
				CLANG_WARN_OBJC_ROOT_CLASS = YES_ERROR;
				CLANG_WARN_UNREACHABLE_CODE = YES;
				CLANG_WARN__DUPLICATE_METHOD_MATCH = YES;
				"CODE_SIGN_IDENTITY[sdk=iphoneos*]" = "iPhone Developer";
				COPY_PHASE_STRIP = NO;
				DEBUG_INFORMATION_FORMAT = "dwarf-with-dsym";
				ENABLE_NS_ASSERTIONS = NO;
				ENABLE_STRICT_OBJC_MSGSEND = YES;
				GCC_C_LANGUAGE_STANDARD = gnu99;
				GCC_NO_COMMON_BLOCKS = YES;
				GCC_WARN_64_TO_32_BIT_CONVERSION = YES;
				GCC_WARN_ABOUT_RETURN_TYPE = YES_ERROR;
				GCC_WARN_UNDECLARED_SELECTOR = YES;
				GCC_WARN_UNINITIALIZED_AUTOS = YES_AGGRESSIVE;
				GCC_WARN_UNUSED_FUNCTION = YES;
				GCC_WARN_UNUSED_VARIABLE = YES;
				IPHONEOS_DEPLOYMENT_TARGET = 9.3;
				MTL_ENABLE_DEBUG_INFO = NO;
				SDKROOT = iphoneos;
				TARGETED_DEVICE_FAMILY = 2;
				VALIDATE_PRODUCT = YES;
			};
			name = Release;
		};
		2D0C8F3D1D806EB900F4A4EB /* Debug */ = {
			isa = XCBuildConfiguration;
			buildSettings = {
				ASSETCATALOG_COMPILER_APPICON_NAME = AppIcon;
				CODE_SIGN_IDENTITY = "iPhone Developer";
				"CODE_SIGN_IDENTITY[sdk=iphoneos*]" = "iPhone Developer";
				INFOPLIST_FILE = Saugofant/Info.plist;
				LD_RUNPATH_SEARCH_PATHS = "$(inherited) @executable_path/Frameworks";
				PRODUCT_BUNDLE_IDENTIFIER = "de.uni-siegen.uxd.Saugofant";
				PRODUCT_NAME = "$(TARGET_NAME)";
				PROVISIONING_PROFILE = "";
			};
			name = Debug;
		};
		2D0C8F3E1D806EB900F4A4EB /* Release */ = {
			isa = XCBuildConfiguration;
			buildSettings = {
				ASSETCATALOG_COMPILER_APPICON_NAME = AppIcon;
				CODE_SIGN_IDENTITY = "iPhone Developer";
				"CODE_SIGN_IDENTITY[sdk=iphoneos*]" = "iPhone Developer";
				INFOPLIST_FILE = Saugofant/Info.plist;
				LD_RUNPATH_SEARCH_PATHS = "$(inherited) @executable_path/Frameworks";
				PRODUCT_BUNDLE_IDENTIFIER = "de.uni-siegen.uxd.Saugofant";
				PRODUCT_NAME = "$(TARGET_NAME)";
				PROVISIONING_PROFILE = "";
			};
			name = Release;
		};
/* End XCBuildConfiguration section */

/* Begin XCConfigurationList section */
		2D0C8F251D806EB900F4A4EB /* Build configuration list for PBXProject "Saugofant" */ = {
			isa = XCConfigurationList;
			buildConfigurations = (
				2D0C8F3A1D806EB900F4A4EB /* Debug */,
				2D0C8F3B1D806EB900F4A4EB /* Release */,
			);
			defaultConfigurationIsVisible = 0;
			defaultConfigurationName = Release;
		};
		2D0C8F3C1D806EB900F4A4EB /* Build configuration list for PBXNativeTarget "Saugofant" */ = {
			isa = XCConfigurationList;
			buildConfigurations = (
				2D0C8F3D1D806EB900F4A4EB /* Debug */,
				2D0C8F3E1D806EB900F4A4EB /* Release */,
			);
			defaultConfigurationIsVisible = 0;
			defaultConfigurationName = Release;
		};
/* End XCConfigurationList section */
	};
	rootObject = 2D0C8F221D806EB900F4A4EB /* Project object */;
}
